
Microsoft Visual Studio Solution File, Format Version 12.00
# Visual Studio Version 17
VisualStudioVersion = 17.10.35027.167
MinimumVisualStudioVersion = 10.0.40219.1
Project("{FAE04EC0-301F-11D3-BF4B-00C04F79EFBC}") = "otomasyonprojesii", "otomasyonprojesii\otomasyonprojesii.csproj", "{843C8D0C-1175-456C-96F4-17244D93EEA3}"
EndProject
Global
	GlobalSection(SolutionConfigurationPlatforms) = preSolution
		Debug|Any CPU = Debug|Any CPU
		Release|Any CPU = Release|Any CPU
	EndGlobalSection
	GlobalSection(ProjectConfigurationPlatforms) = postSolution
		{843C8D0C-1175-456C-96F4-17244D93EEA3}.Debug|Any CPU.ActiveCfg = Debug|Any CPU
		{843C8D0C-1175-456C-96F4-17244D93EEA3}.Debug|Any CPU.Build.0 = Debug|Any CPU
		{843C8D0C-1175-456C-96F4-17244D93EEA3}.Release|Any CPU.ActiveCfg = Release|Any CPU
		{843C8D0C-1175-456C-96F4-17244D93EEA3}.Release|Any CPU.Build.0 = Release|Any CPU
	EndGlobalSection
	GlobalSection(SolutionProperties) = preSolution
		HideSolutionNode = FALSE
	EndGlobalSection
	GlobalSection(ExtensibilityGlobals) = postSolution
		SolutionGuid = {DDCE850C-86A3-4E06-A389-0F6219A19E05}
	EndGlobalSection
EndGlobal
